// !$*UTF8*$!
{
	archiveVersion = 1;
	classes = {
	};
	objectVersion = 50;
	objects = {

/* Begin PBXBuildFile section */
		CAA8377220AD98DA00328D65 /* AppDelegate.swift in Sources */ = {isa = PBXBuildFile; fileRef = CAA8377120AD98DA00328D65 /* AppDelegate.swift */; };
		CAA8377420AD98DA00328D65 /* ViewController.swift in Sources */ = {isa = PBXBuildFile; fileRef = CAA8377320AD98DA00328D65 /* ViewController.swift */; };
		CAA8377720AD98DA00328D65 /* Main.storyboard in Resources */ = {isa = PBXBuildFile; fileRef = CAA8377520AD98DA00328D65 /* Main.storyboard */; };
		CAA8377920AD98DB00328D65 /* Assets.xcassets in Resources */ = {isa = PBXBuildFile; fileRef = CAA8377820AD98DB00328D65 /* Assets.xcassets */; };
		CAA8377C20AD98DB00328D65 /* LaunchScreen.storyboard in Resources */ = {isa = PBXBuildFile; fileRef = CAA8377A20AD98DB00328D65 /* LaunchScreen.storyboard */; };
		CAA8378420AD9D9F00328D65 /* CardModel.swift in Sources */ = {isa = PBXBuildFile; fileRef = CAA8378320AD9D9F00328D65 /* CardModel.swift */; };
		CAA8378820ADA01E00328D65 /* Card.swift in Sources */ = {isa = PBXBuildFile; fileRef = CAA8378720ADA01E00328D65 /* Card.swift */; };
/* End PBXBuildFile section */

/* Begin PBXFileReference section */
		CAA8376E20AD98DA00328D65 /* matchapp.app */ = {isa = PBXFileReference; explicitFileType = wrapper.application; includeInIndex = 0; path = matchapp.app; sourceTree = BUILT_PRODUCTS_DIR; };
		CAA8377120AD98DA00328D65 /* AppDelegate.swift */ = {isa = PBXFileReference; lastKnownFileType = sourcecode.swift; path = AppDelegate.swift; sourceTree = "<group>"; };
		CAA8377320AD98DA00328D65 /* ViewController.swift */ = {isa = PBXFileReference; lastKnownFileType = sourcecode.swift; path = ViewController.swift; sourceTree = "<group>"; };
		CAA8377620AD98DA00328D65 /* Base */ = {isa = PBXFileReference; lastKnownFileType = file.storyboard; name = Base; path = Base.lproj/Main.storyboard; sourceTree = "<group>"; };
		CAA8377820AD98DB00328D65 /* Assets.xcassets */ = {isa = PBXFileReference; lastKnownFileType = folder.assetcatalog; path = Assets.xcassets; sourceTree = "<group>"; };
		CAA8377B20AD98DB00328D65 /* Base */ = {isa = PBXFileReference; lastKnownFileType = file.storyboard; name = Base; path = Base.lproj/LaunchScreen.storyboard; sourceTree = "<group>"; };
		CAA8377D20AD98DB00328D65 /* Info.plist */ = {isa = PBXFileReference; lastKnownFileType = text.plist.xml; path = Info.plist; sourceTree = "<group>"; };
		CAA8378320AD9D9F00328D65 /* CardModel.swift */ = {isa = PBXFileReference; lastKnownFileType = sourcecode.swift; path = CardModel.swift; sourceTree = "<group>"; };
		CAA8378720ADA01E00328D65 /* Card.swift */ = {isa = PBXFileReference; lastKnownFileType = sourcecode.swift; path = Card.swift; sourceTree = "<group>"; };
/* End PBXFileReference section */

/* Begin PBXFrameworksBuildPhase section */
		CAA8376B20AD98DA00328D65 /* Frameworks */ = {
			isa = PBXFrameworksBuildPhase;
			buildActionMask = 2147483647;
			files = (
			);
			runOnlyForDeploymentPostprocessing = 0;
		};
/* End PBXFrameworksBuildPhase section */

/* Begin PBXGroup section */
		CAA8376520AD98DA00328D65 = {
			isa = PBXGroup;
			children = (
				CAA8377020AD98DA00328D65 /* matchapp */,
				CAA8376F20AD98DA00328D65 /* Products */,
			);
			sourceTree = "<group>";
		};
		CAA8376F20AD98DA00328D65 /* Products */ = {
			isa = PBXGroup;
			children = (
				CAA8376E20AD98DA00328D65 /* matchapp.app */,
			);
			name = Products;
			sourceTree = "<group>";
		};
		CAA8377020AD98DA00328D65 /* matchapp */ = {
			isa = PBXGroup;
			children = (
				CAA8377120AD98DA00328D65 /* AppDelegate.swift */,
				CAA8377320AD98DA00328D65 /* ViewController.swift */,
				CAA8378320AD9D9F00328D65 /* CardModel.swift */,
				CAA8378720ADA01E00328D65 /* Card.swift */,
				CAA8377520AD98DA00328D65 /* Main.storyboard */,
				CAA8377820AD98DB00328D65 /* Assets.xcassets */,
				CAA8377A20AD98DB00328D65 /* LaunchScreen.storyboard */,
				CAA8377D20AD98DB00328D65 /* Info.plist */,
			);
			path = matchapp;
			sourceTree = "<group>";
		};
/* End PBXGroup section */

/* Begin PBXNativeTarget section */
		CAA8376D20AD98DA00328D65 /* matchapp */ = {
			isa = PBXNativeTarget;
			buildConfigurationList = CAA8378020AD98DB00328D65 /* Build configuration list for PBXNativeTarget "matchapp" */;
			buildPhases = (
				CAA8376A20AD98DA00328D65 /* Sources */,
				CAA8376B20AD98DA00328D65 /* Frameworks */,
				CAA8376C20AD98DA00328D65 /* Resources */,
			);
			buildRules = (
			);
			dependencies = (
			);
			name = matchapp;
			productName = matchapp;
			productReference = CAA8376E20AD98DA00328D65 /* matchapp.app */;
			productType = "com.apple.product-type.application";
		};
/* End PBXNativeTarget section */

/* Begin PBXProject section */
		CAA8376620AD98DA00328D65 /* Project object */ = {
			isa = PBXProject;
			attributes = {
				LastSwiftUpdateCheck = 0930;
				LastUpgradeCheck = 0930;
				ORGANIZATIONNAME = student38;
				TargetAttributes = {
					CAA8376D20AD98DA00328D65 = {
						CreatedOnToolsVersion = 9.3;
					};
				};
			};
			buildConfigurationList = CAA8376920AD98DA00328D65 /* Build configuration list for PBXProject "matchapp" */;
			compatibilityVersion = "Xcode 9.3";
			developmentRegion = en;
			hasScannedForEncodings = 0;
			knownRegions = (
				en,
				Base,
			);
			mainGroup = CAA8376520AD98DA00328D65;
			productRefGroup = CAA8376F20AD98DA00328D65 /* Products */;
			projectDirPath = "";
			projectRoot = "";
			targets = (
				CAA8376D20AD98DA00328D65 /* matchapp */,
			);
		};
/* End PBXProject section */

/* Begin PBXResourcesBuildPhase section */
		CAA8376C20AD98DA00328D65 /* Resources */ = {
			isa = PBXResourcesBuildPhase;
			buildActionMask = 2147483647;
			files = (
				CAA8377C20AD98DB00328D65 /* LaunchScreen.storyboard in Resources */,
				CAA8377920AD98DB00328D65 /* Assets.xcassets in Resources */,
				CAA8377720AD98DA00328D65 /* Main.storyboard in Resources */,
			);
			runOnlyForDeploymentPostprocessing = 0;
		};
/* End PBXResourcesBuildPhase section */

/* Begin PBXSourcesBuildPhase section */
		CAA8376A20AD98DA00328D65 /* Sources */ = {
			isa = PBXSourcesBuildPhase;
			buildActionMask = 2147483647;
			files = (
				CAA8377420AD98DA00328D65 /* ViewController.swift in Sources */,
				CAA8377220AD98DA00328D65 /* AppDelegate.swift in Sources */,
				CAA8378420AD9D9F00328D65 /* CardModel.swift in Sources */,
				CAA8378820ADA01E00328D65 /* Card.swift in Sources */,
			);
			runOnlyForDeploymentPostprocessing = 0;
		};
/* End PBXSourcesBuildPhase section */

/* Begin PBXVariantGroup section */
		CAA8377520AD98DA00328D65 /* Main.storyboard */ = {
			isa = PBXVariantGroup;
			children = (
				CAA8377620AD98DA00328D65 /* Base */,
			);
			name = Main.storyboard;
			sourceTree = "<group>";
		};
		CAA8377A20AD98DB00328D65 /* LaunchScreen.storyboard */ = {
			isa = PBXVariantGroup;
			children = (
				CAA8377B20AD98DB00328D65 /* Base */,
			);
			name = LaunchScreen.storyboard;
			sourceTree = "<group>";
		};
/* End PBXVariantGroup section */

/* Begin XCBuildConfiguration section */
		CAA8377E20AD98DB00328D65 /* Debug */ = {
			isa = XCBuildConfiguration;
			buildSettings = {
				ALWAYS_SEARCH_USER_PATHS = NO;
				CLANG_ANALYZER_NONNULL = YES;
				CLANG_ANALYZER_NUMBER_OBJECT_CONVERSION = YES_AGGRESSIVE;
				CLANG_CXX_LANGUAGE_STANDARD = "gnu++14";
				CLANG_CXX_LIBRARY = "libc++";
				CLANG_ENABLE_MODULES = YES;
				CLANG_ENABLE_OBJC_ARC = YES;
				CLANG_ENABLE_OBJC_WEAK = YES;
				CLANG_WARN_BLOCK_CAPTURE_AUTORELEASING = YES;
				CLANG_WARN_BOOL_CONVERSION = YES;
				CLANG_WARN_COMMA = YES;
				CLANG_WARN_CONSTANT_CONVERSION = YES;
				CLANG_WARN_DEPRECATED_OBJC_IMPLEMENTATIONS = YES;
				CLANG_WARN_DIRECT_OBJC_ISA_USAGE = YES_ERROR;
				CLANG_WARN_DOCUMENTATION_COMMENTS = YES;
				CLANG_WARN_EMPTY_BODY = YES;
				CLANG_WARN_ENUM_CONVERSION = YES;
				CLANG_WARN_INFINITE_RECURSION = YES;
				CLANG_WARN_INT_CONVERSION = YES;
				CLANG_WARN_NON_LITERAL_NULL_CONVERSION = YES;
				CLANG_WARN_OBJC_IMPLICIT_RETAIN_SELF = YES;
				CLANG_WARN_OBJC_LITERAL_CONVERSION = YES;
				CLANG_WARN_OBJC_ROOT_CLASS = YES_ERROR;
				CLANG_WARN_RANGE_LOOP_ANALYSIS = YES;
				CLANG_WARN_STRICT_PROTOTYPES = YES;
				CLANG_WARN_SUSPICIOUS_MOVE = YES;
				CLANG_WARN_UNGUARDED_AVAILABILITY = YES_AGGRESSIVE;
				CLANG_WARN_UNREACHABLE_CODE = YES;
				CLANG_WARN__DUPLICATE_METHOD_MATCH = YES;
				CODE_SIGN_IDENTITY = "iPhone Developer";
				COPY_PHASE_STRIP = NO;
				DEBUG_INFORMATION_FORMAT = dwarf;
				ENABLE_STRICT_OBJC_MSGSEND = YES;
				ENABLE_TESTABILITY = YES;
				GCC_C_LANGUAGE_STANDARD = gnu11;
				GCC_DYNAMIC_NO_PIC = NO;
				GCC_NO_COMMON_BLOCKS = YES;
				GCC_OPTIMIZATION_LEVEL = 0;
				GCC_PREPROCESSOR_DEFINITIONS = (
					"DEBUG=1",
					"$(inherited)",
				);
				GCC_WARN_64_TO_32_BIT_CONVERSION = YES;
				GCC_WARN_ABOUT_RETURN_TYPE = YES_ERROR;
				GCC_WARN_UNDECLARED_SELECTOR = YES;
				GCC_WARN_UNINITIALIZED_AUTOS = YES_AGGRESSIVE;
				GCC_WARN_UNUSED_FUNCTION = YES;
				GCC_WARN_UNUSED_VARIABLE = YES;
				IPHONEOS_DEPLOYMENT_TARGET = 11.3;
				MTL_ENABLE_DEBUG_INFO = YES;
				ONLY_ACTIVE_ARCH = YES;
				SDKROOT = iphoneos;
				SWIFT_ACTIVE_COMPILATION_CONDITIONS = DEBUG;
				SWIFT_OPTIMIZATION_LEVEL = "-Onone";
			};
			name = Debug;
		};
		CAA8377F20AD98DB00328D65 /* Release */ = {
			isa = XCBuildConfiguration;
			buildSettings = {
				ALWAYS_SEARCH_USER_PATHS = NO;
				CLANG_ANALYZER_NONNULL = YES;
				CLANG_ANALYZER_NUMBER_OBJECT_CONVERSION = YES_AGGRESSIVE;
				CLANG_CXX_LANGUAGE_STANDARD = "gnu++14";
				CLANG_CXX_LIBRARY = "libc++";
				CLANG_ENABLE_MODULES = YES;
				CLANG_ENABLE_OBJC_ARC = YES;
				CLANG_ENABLE_OBJC_WEAK = YES;
				CLANG_WARN_BLOCK_CAPTURE_AUTORELEASING = YES;
				CLANG_WARN_BOOL_CONVERSION = YES;
				CLANG_WARN_COMMA = YES;
				CLANG_WARN_CONSTANT_CONVERSION = YES;
				CLANG_WARN_DEPRECATED_OBJC_IMPLEMENTATIONS = YES;
				CLANG_WARN_DIRECT_OBJC_ISA_USAGE = YES_ERROR;
				CLANG_WARN_DOCUMENTATION_COMMENTS = YES;
				CLANG_WARN_EMPTY_BODY = YES;
				CLANG_WARN_ENUM_CONVERSION = YES;
				CLANG_WARN_INFINITE_RECURSION = YES;
				CLANG_WARN_INT_CONVERSION = YES;
				CLANG_WARN_NON_LITERAL_NULL_CONVERSION = YES;
				CLANG_WARN_OBJC_IMPLICIT_RETAIN_SELF = YES;
				CLANG_WARN_OBJC_LITERAL_CONVERSION = YES;
				CLANG_WARN_OBJC_ROOT_CLASS = YES_ERROR;
				CLANG_WARN_RANGE_LOOP_ANALYSIS = YES;
				CLANG_WARN_STRICT_PROTOTYPES = YES;
				CLANG_WARN_SUSPICIOUS_MOVE = YES;
				CLANG_WARN_UNGUARDED_AVAILABILITY = YES_AGGRESSIVE;
				CLANG_WARN_UNREACHABLE_CODE = YES;
				CLANG_WARN__DUPLICATE_METHOD_MATCH = YES;
				CODE_SIGN_IDENTITY = "iPhone Developer";
				COPY_PHASE_STRIP = NO;
				DEBUG_INFORMATION_FORMAT = "dwarf-with-dsym";
				ENABLE_NS_ASSERTIONS = NO;
				ENABLE_STRICT_OBJC_MSGSEND = YES;
				GCC_C_LANGUAGE_STANDARD = gnu11;
				GCC_NO_COMMON_BLOCKS = YES;
				GCC_WARN_64_TO_32_BIT_CONVERSION = YES;
				GCC_WARN_ABOUT_RETURN_TYPE = YES_ERROR;
				GCC_WARN_UNDECLARED_SELECTOR = YES;
				GCC_WARN_UNINITIALIZED_AUTOS = YES_AGGRESSIVE;
				GCC_WARN_UNUSED_FUNCTION = YES;
				GCC_WARN_UNUSED_VARIABLE = YES;
				IPHONEOS_DEPLOYMENT_TARGET = 11.3;
				MTL_ENABLE_DEBUG_INFO = NO;
				SDKROOT = iphoneos;
				SWIFT_COMPILATION_MODE = wholemodule;
				SWIFT_OPTIMIZATION_LEVEL = "-O";
				VALIDATE_PRODUCT = YES;
			};
			name = Release;
		};
		CAA8378120AD98DB00328D65 /* Debug */ = {
			isa = XCBuildConfiguration;
			buildSettings = {
				ASSETCATALOG_COMPILER_APPICON_NAME = AppIcon;
				CODE_SIGN_STYLE = Automatic;
				INFOPLIST_FILE = matchapp/Info.plist;
				LD_RUNPATH_SEARCH_PATHS = (
					"$(inherited)",
					"@executable_path/Frameworks",
				);
				PRODUCT_BUNDLE_IDENTIFIER = hgu.matchapp;
				PRODUCT_NAME = "$(TARGET_NAME)";
				SWIFT_VERSION = 4.0;
				TARGETED_DEVICE_FAMILY = "1,2";
			};
			name = Debug;
		};
		CAA8378220AD98DB00328D65 /* Release */ = {
			isa = XCBuildConfiguration;
			buildSettings = {
				ASSETCATALOG_COMPILER_APPICON_NAME = AppIcon;
				CODE_SIGN_STYLE = Automatic;
				INFOPLIST_FILE = matchapp/Info.plist;
				LD_RUNPATH_SEARCH_PATHS = (
					"$(inherited)",
					"@executable_path/Frameworks",
				);
				PRODUCT_BUNDLE_IDENTIFIER = hgu.matchapp;
				PRODUCT_NAME = "$(TARGET_NAME)";
				SWIFT_VERSION = 4.0;
				TARGETED_DEVICE_FAMILY = "1,2";
			};
			name = Release;
		};
/* End XCBuildConfiguration section */

/* Begin XCConfigurationList section */
		CAA8376920AD98DA00328D65 /* Build configuration list for PBXProject "matchapp" */ = {
			isa = XCConfigurationList;
			buildConfigurations = (
				CAA8377E20AD98DB00328D65 /* Debug */,
				CAA8377F20AD98DB00328D65 /* Release */,
			);
			defaultConfigurationIsVisible = 0;
			defaultConfigurationName = Release;
		};
		CAA8378020AD98DB00328D65 /* Build configuration list for PBXNativeTarget "matchapp" */ = {
			isa = XCConfigurationList;
			buildConfigurations = (
				CAA8378120AD98DB00328D65 /* Debug */,
				CAA8378220AD98DB00328D65 /* Release */,
			);
			defaultConfigurationIsVisible = 0;
			defaultConfigurationName = Release;
		};
/* End XCConfigurationList section */
	};
	rootObject = CAA8376620AD98DA00328D65 /* Project object */;
}
